
Microsoft Visual Studio Solution File, Format Version 12.00
# Visual Studio Version 16
VisualStudioVersion = 16.0.30309.148
MinimumVisualStudioVersion = 10.0.40219.1
Project("{FAE04EC0-301F-11D3-BF4B-00C04F79EFBC}") = "HungryPizzaAPI", "HungryPizzaAPI.csproj", "{566F1C9F-E837-451B-BFCC-5EE6CFF40FEA}"
EndProject
Global
	GlobalSection(SolutionConfigurationPlatforms) = preSolution
		Debug|Any CPU = Debug|Any CPU
		Release|Any CPU = Release|Any CPU
	EndGlobalSection
	GlobalSection(ProjectConfigurationPlatforms) = postSolution
		{566F1C9F-E837-451B-BFCC-5EE6CFF40FEA}.Debug|Any CPU.ActiveCfg = Debug|Any CPU
		{566F1C9F-E837-451B-BFCC-5EE6CFF40FEA}.Debug|Any CPU.Build.0 = Debug|Any CPU
		{566F1C9F-E837-451B-BFCC-5EE6CFF40FEA}.Release|Any CPU.ActiveCfg = Release|Any CPU
		{566F1C9F-E837-451B-BFCC-5EE6CFF40FEA}.Release|Any CPU.Build.0 = Release|Any CPU
	EndGlobalSection
	GlobalSection(SolutionProperties) = preSolution
		HideSolutionNode = FALSE
	EndGlobalSection
	GlobalSection(ExtensibilityGlobals) = postSolution
		SolutionGuid = {00B447B1-63B5-4B18-B974-0783E71E1AD1}
	EndGlobalSection
EndGlobal
